// !$*UTF8*$!
{
	archiveVersion = 1;
	classes = {
	};
	objectVersion = 46;
	objects = {

/* Begin PBXBuildFile section */
		6C5E730D1DC6F9C70004670B /* main.m in Sources */ = {isa = PBXBuildFile; fileRef = 6C5E730C1DC6F9C70004670B /* main.m */; };
		6C5E73101DC6F9C70004670B /* AppDelegate.m in Sources */ = {isa = PBXBuildFile; fileRef = 6C5E730F1DC6F9C70004670B /* AppDelegate.m */; };
		6C5E73131DC6F9C70004670B /* ViewController.m in Sources */ = {isa = PBXBuildFile; fileRef = 6C5E73121DC6F9C70004670B /* ViewController.m */; };
		6C5E73161DC6F9C70004670B /* Main.storyboard in Resources */ = {isa = PBXBuildFile; fileRef = 6C5E73141DC6F9C70004670B /* Main.storyboard */; };
		6C5E73181DC6F9C70004670B /* Assets.xcassets in Resources */ = {isa = PBXBuildFile; fileRef = 6C5E73171DC6F9C70004670B /* Assets.xcassets */; };
		6C5E731B1DC6F9C70004670B /* LaunchScreen.storyboard in Resources */ = {isa = PBXBuildFile; fileRef = 6C5E73191DC6F9C70004670B /* LaunchScreen.storyboard */; };
		6C5E73241DC6FA4E0004670B /* StarView.m in Sources */ = {isa = PBXBuildFile; fileRef = 6C5E73231DC6FA4E0004670B /* StarView.m */; };
/* End PBXBuildFile section */

/* Begin PBXFileReference section */
		6C5E73081DC6F9C70004670B /* StarView.app */ = {isa = PBXFileReference; explicitFileType = wrapper.application; includeInIndex = 0; path = StarView.app; sourceTree = BUILT_PRODUCTS_DIR; };
		6C5E730C1DC6F9C70004670B /* main.m */ = {isa = PBXFileReference; lastKnownFileType = sourcecode.c.objc; path = main.m; sourceTree = "<group>"; };
		6C5E730E1DC6F9C70004670B /* AppDelegate.h */ = {isa = PBXFileReference; lastKnownFileType = sourcecode.c.h; path = AppDelegate.h; sourceTree = "<group>"; };
		6C5E730F1DC6F9C70004670B /* AppDelegate.m */ = {isa = PBXFileReference; lastKnownFileType = sourcecode.c.objc; path = AppDelegate.m; sourceTree = "<group>"; };
		6C5E73111DC6F9C70004670B /* ViewController.h */ = {isa = PBXFileReference; lastKnownFileType = sourcecode.c.h; path = ViewController.h; sourceTree = "<group>"; };
		6C5E73121DC6F9C70004670B /* ViewController.m */ = {isa = PBXFileReference; lastKnownFileType = sourcecode.c.objc; path = ViewController.m; sourceTree = "<group>"; };
		6C5E73151DC6F9C70004670B /* Base */ = {isa = PBXFileReference; lastKnownFileType = file.storyboard; name = Base; path = Base.lproj/Main.storyboard; sourceTree = "<group>"; };
		6C5E73171DC6F9C70004670B /* Assets.xcassets */ = {isa = PBXFileReference; lastKnownFileType = folder.assetcatalog; path = Assets.xcassets; sourceTree = "<group>"; };
		6C5E731A1DC6F9C70004670B /* Base */ = {isa = PBXFileReference; lastKnownFileType = file.storyboard; name = Base; path = Base.lproj/LaunchScreen.storyboard; sourceTree = "<group>"; };
		6C5E731C1DC6F9C70004670B /* Info.plist */ = {isa = PBXFileReference; lastKnownFileType = text.plist.xml; path = Info.plist; sourceTree = "<group>"; };
		6C5E73221DC6FA4E0004670B /* StarView.h */ = {isa = PBXFileReference; fileEncoding = 4; lastKnownFileType = sourcecode.c.h; path = StarView.h; sourceTree = "<group>"; };
		6C5E73231DC6FA4E0004670B /* StarView.m */ = {isa = PBXFileReference; fileEncoding = 4; lastKnownFileType = sourcecode.c.objc; path = StarView.m; sourceTree = "<group>"; };
/* End PBXFileReference section */

/* Begin PBXFrameworksBuildPhase section */
		6C5E73051DC6F9C70004670B /* Frameworks */ = {
			isa = PBXFrameworksBuildPhase;
			buildActionMask = 2147483647;
			files = (
			);
			runOnlyForDeploymentPostprocessing = 0;
		};
/* End PBXFrameworksBuildPhase section */

/* Begin PBXGroup section */
		6C5E72FF1DC6F9C70004670B = {
			isa = PBXGroup;
			children = (
				6C5E730A1DC6F9C70004670B /* StarView */,
				6C5E73091DC6F9C70004670B /* Products */,
			);
			sourceTree = "<group>";
		};
		6C5E73091DC6F9C70004670B /* Products */ = {
			isa = PBXGroup;
			children = (
				6C5E73081DC6F9C70004670B /* StarView.app */,
			);
			name = Products;
			sourceTree = "<group>";
		};
		6C5E730A1DC6F9C70004670B /* StarView */ = {
			isa = PBXGroup;
			children = (
				6C5E730E1DC6F9C70004670B /* AppDelegate.h */,
				6C5E730F1DC6F9C70004670B /* AppDelegate.m */,
				6C5E73111DC6F9C70004670B /* ViewController.h */,
				6C5E73121DC6F9C70004670B /* ViewController.m */,
				6C5E73221DC6FA4E0004670B /* StarView.h */,
				6C5E73231DC6FA4E0004670B /* StarView.m */,
				6C5E73141DC6F9C70004670B /* Main.storyboard */,
				6C5E73171DC6F9C70004670B /* Assets.xcassets */,
				6C5E73191DC6F9C70004670B /* LaunchScreen.storyboard */,
				6C5E731C1DC6F9C70004670B /* Info.plist */,
				6C5E730B1DC6F9C70004670B /* Supporting Files */,
			);
			path = StarView;
			sourceTree = "<group>";
		};
		6C5E730B1DC6F9C70004670B /* Supporting Files */ = {
			isa = PBXGroup;
			children = (
				6C5E730C1DC6F9C70004670B /* main.m */,
			);
			name = "Supporting Files";
			sourceTree = "<group>";
		};
/* End PBXGroup section */

/* Begin PBXNativeTarget section */
		6C5E73071DC6F9C70004670B /* StarView */ = {
			isa = PBXNativeTarget;
			buildConfigurationList = 6C5E731F1DC6F9C70004670B /* Build configuration list for PBXNativeTarget "StarView" */;
			buildPhases = (
				6C5E73041DC6F9C70004670B /* Sources */,
				6C5E73051DC6F9C70004670B /* Frameworks */,
				6C5E73061DC6F9C70004670B /* Resources */,
			);
			buildRules = (
			);
			dependencies = (
			);
			name = StarView;
			productName = StarView;
			productReference = 6C5E73081DC6F9C70004670B /* StarView.app */;
			productType = "com.apple.product-type.application";
		};
/* End PBXNativeTarget section */

/* Begin PBXProject section */
		6C5E73001DC6F9C70004670B /* Project object */ = {
			isa = PBXProject;
			attributes = {
				LastUpgradeCheck = 0810;
				ORGANIZATIONNAME = FlyKite;
				TargetAttributes = {
					6C5E73071DC6F9C70004670B = {
						CreatedOnToolsVersion = 8.1;
						DevelopmentTeam = 77M64ZZJGP;
						ProvisioningStyle = Automatic;
					};
				};
			};
			buildConfigurationList = 6C5E73031DC6F9C70004670B /* Build configuration list for PBXProject "StarView" */;
			compatibilityVersion = "Xcode 3.2";
			developmentRegion = English;
			hasScannedForEncodings = 0;
			knownRegions = (
				en,
				Base,
			);
			mainGroup = 6C5E72FF1DC6F9C70004670B;
			productRefGroup = 6C5E73091DC6F9C70004670B /* Products */;
			projectDirPath = "";
			projectRoot = "";
			targets = (
				6C5E73071DC6F9C70004670B /* StarView */,
			);
		};
/* End PBXProject section */

/* Begin PBXResourcesBuildPhase section */
		6C5E73061DC6F9C70004670B /* Resources */ = {
			isa = PBXResourcesBuildPhase;
			buildActionMask = 2147483647;
			files = (
				6C5E731B1DC6F9C70004670B /* LaunchScreen.storyboard in Resources */,
				6C5E73181DC6F9C70004670B /* Assets.xcassets in Resources */,
				6C5E73161DC6F9C70004670B /* Main.storyboard in Resources */,
			);
			runOnlyForDeploymentPostprocessing = 0;
		};
/* End PBXResourcesBuildPhase section */

/* Begin PBXSourcesBuildPhase section */
		6C5E73041DC6F9C70004670B /* Sources */ = {
			isa = PBXSourcesBuildPhase;
			buildActionMask = 2147483647;
			files = (
				6C5E73131DC6F9C70004670B /* ViewController.m in Sources */,
				6C5E73101DC6F9C70004670B /* AppDelegate.m in Sources */,
				6C5E73241DC6FA4E0004670B /* StarView.m in Sources */,
				6C5E730D1DC6F9C70004670B /* main.m in Sources */,
			);
			runOnlyForDeploymentPostprocessing = 0;
		};
/* End PBXSourcesBuildPhase section */

/* Begin PBXVariantGroup section */
		6C5E73141DC6F9C70004670B /* Main.storyboard */ = {
			isa = PBXVariantGroup;
			children = (
				6C5E73151DC6F9C70004670B /* Base */,
			);
			name = Main.storyboard;
			sourceTree = "<group>";
		};
		6C5E73191DC6F9C70004670B /* LaunchScreen.storyboard */ = {
			isa = PBXVariantGroup;
			children = (
				6C5E731A1DC6F9C70004670B /* Base */,
			);
			name = LaunchScreen.storyboard;
			sourceTree = "<group>";
		};
/* End PBXVariantGroup section */

/* Begin XCBuildConfiguration section */
		6C5E731D1DC6F9C70004670B /* Debug */ = {
			isa = XCBuildConfiguration;
			buildSettings = {
				ALWAYS_SEARCH_USER_PATHS = NO;
				CLANG_ANALYZER_NONNULL = YES;
				CLANG_CXX_LANGUAGE_STANDARD = "gnu++0x";
				CLANG_CXX_LIBRARY = "libc++";
				CLANG_ENABLE_MODULES = YES;
				CLANG_ENABLE_OBJC_ARC = YES;
				CLANG_WARN_BOOL_CONVERSION = YES;
				CLANG_WARN_CONSTANT_CONVERSION = YES;
				CLANG_WARN_DIRECT_OBJC_ISA_USAGE = YES_ERROR;
				CLANG_WARN_DOCUMENTATION_COMMENTS = YES;
				CLANG_WARN_EMPTY_BODY = YES;
				CLANG_WARN_ENUM_CONVERSION = YES;
				CLANG_WARN_INFINITE_RECURSION = YES;
				CLANG_WARN_INT_CONVERSION = YES;
				CLANG_WARN_OBJC_ROOT_CLASS = YES_ERROR;
				CLANG_WARN_SUSPICIOUS_MOVES = YES;
				CLANG_WARN_UNREACHABLE_CODE = YES;
				CLANG_WARN__DUPLICATE_METHOD_MATCH = YES;
				"CODE_SIGN_IDENTITY[sdk=iphoneos*]" = "iPhone Developer";
				COPY_PHASE_STRIP = NO;
				DEBUG_INFORMATION_FORMAT = dwarf;
				ENABLE_STRICT_OBJC_MSGSEND = YES;
				ENABLE_TESTABILITY = YES;
				GCC_C_LANGUAGE_STANDARD = gnu99;
				GCC_DYNAMIC_NO_PIC = NO;
				GCC_NO_COMMON_BLOCKS = YES;
				GCC_OPTIMIZATION_LEVEL = 0;
				GCC_PREPROCESSOR_DEFINITIONS = (
					"DEBUG=1",
					"$(inherited)",
				);
				GCC_WARN_64_TO_32_BIT_CONVERSION = YES;
				GCC_WARN_ABOUT_RETURN_TYPE = YES_ERROR;
				GCC_WARN_UNDECLARED_SELECTOR = YES;
				GCC_WARN_UNINITIALIZED_AUTOS = YES_AGGRESSIVE;
				GCC_WARN_UNUSED_FUNCTION = YES;
				GCC_WARN_UNUSED_VARIABLE = YES;
				IPHONEOS_DEPLOYMENT_TARGET = 10.1;
				MTL_ENABLE_DEBUG_INFO = YES;
				ONLY_ACTIVE_ARCH = YES;
				SDKROOT = iphoneos;
				TARGETED_DEVICE_FAMILY = "1,2";
			};
			name = Debug;
		};
		6C5E731E1DC6F9C70004670B /* Release */ = {
			isa = XCBuildConfiguration;
			buildSettings = {
				ALWAYS_SEARCH_USER_PATHS = NO;
				CLANG_ANALYZER_NONNULL = YES;
				CLANG_CXX_LANGUAGE_STANDARD = "gnu++0x";
				CLANG_CXX_LIBRARY = "libc++";
				CLANG_ENABLE_MODULES = YES;
				CLANG_ENABLE_OBJC_ARC = YES;
				CLANG_WARN_BOOL_CONVERSION = YES;
				CLANG_WARN_CONSTANT_CONVERSION = YES;
				CLANG_WARN_DIRECT_OBJC_ISA_USAGE = YES_ERROR;
				CLANG_WARN_DOCUMENTATION_COMMENTS = YES;
				CLANG_WARN_EMPTY_BODY = YES;
				CLANG_WARN_ENUM_CONVERSION = YES;
				CLANG_WARN_INFINITE_RECURSION = YES;
				CLANG_WARN_INT_CONVERSION = YES;
				CLANG_WARN_OBJC_ROOT_CLASS = YES_ERROR;
				CLANG_WARN_SUSPICIOUS_MOVES = YES;
				CLANG_WARN_UNREACHABLE_CODE = YES;
				CLANG_WARN__DUPLICATE_METHOD_MATCH = YES;
				"CODE_SIGN_IDENTITY[sdk=iphoneos*]" = "iPhone Developer";
				COPY_PHASE_STRIP = NO;
				DEBUG_INFORMATION_FORMAT = "dwarf-with-dsym";
				ENABLE_NS_ASSERTIONS = NO;
				ENABLE_STRICT_OBJC_MSGSEND = YES;
				GCC_C_LANGUAGE_STANDARD = gnu99;
				GCC_NO_COMMON_BLOCKS = YES;
				GCC_WARN_64_TO_32_BIT_CONVERSION = YES;
				GCC_WARN_ABOUT_RETURN_TYPE = YES_ERROR;
				GCC_WARN_UNDECLARED_SELECTOR = YES;
				GCC_WARN_UNINITIALIZED_AUTOS = YES_AGGRESSIVE;
				GCC_WARN_UNUSED_FUNCTION = YES;
				GCC_WARN_UNUSED_VARIABLE = YES;
				IPHONEOS_DEPLOYMENT_TARGET = 10.1;
				MTL_ENABLE_DEBUG_INFO = NO;
				SDKROOT = iphoneos;
				TARGETED_DEVICE_FAMILY = "1,2";
				VALIDATE_PRODUCT = YES;
			};
			name = Release;
		};
		6C5E73201DC6F9C70004670B /* Debug */ = {
			isa = XCBuildConfiguration;
			buildSettings = {
				ASSETCATALOG_COMPILER_APPICON_NAME = AppIcon;
				DEVELOPMENT_TEAM = 77M64ZZJGP;
				INFOPLIST_FILE = StarView/Info.plist;
				LD_RUNPATH_SEARCH_PATHS = "$(inherited) @executable_path/Frameworks";
				PRODUCT_BUNDLE_IDENTIFIER = com.flykite.StarView;
				PRODUCT_NAME = "$(TARGET_NAME)";
			};
			name = Debug;
		};
		6C5E73211DC6F9C70004670B /* Release */ = {
			isa = XCBuildConfiguration;
			buildSettings = {
				ASSETCATALOG_COMPILER_APPICON_NAME = AppIcon;
				DEVELOPMENT_TEAM = 77M64ZZJGP;
				INFOPLIST_FILE = StarView/Info.plist;
				LD_RUNPATH_SEARCH_PATHS = "$(inherited) @executable_path/Frameworks";
				PRODUCT_BUNDLE_IDENTIFIER = com.flykite.StarView;
				PRODUCT_NAME = "$(TARGET_NAME)";
			};
			name = Release;
		};
/* End XCBuildConfiguration section */

/* Begin XCConfigurationList section */
		6C5E73031DC6F9C70004670B /* Build configuration list for PBXProject "StarView" */ = {
			isa = XCConfigurationList;
			buildConfigurations = (
				6C5E731D1DC6F9C70004670B /* Debug */,
				6C5E731E1DC6F9C70004670B /* Release */,
			);
			defaultConfigurationIsVisible = 0;
			defaultConfigurationName = Release;
		};
		6C5E731F1DC6F9C70004670B /* Build configuration list for PBXNativeTarget "StarView" */ = {
			isa = XCConfigurationList;
			buildConfigurations = (
				6C5E73201DC6F9C70004670B /* Debug */,
				6C5E73211DC6F9C70004670B /* Release */,
			);
			defaultConfigurationIsVisible = 0;
			defaultConfigurationName = Release;
		};
/* End XCConfigurationList section */
	};
	rootObject = 6C5E73001DC6F9C70004670B /* Project object */;
}
